
Microsoft Visual Studio Solution File, Format Version 12.00
# Visual Studio Version 17
VisualStudioVersion = 17.8.34511.84
MinimumVisualStudioVersion = 10.0.40219.1
Project("{2150E333-8FDC-42A3-9474-1A3956D46DE8}") = "Services", "Services", "{D3FBD9CC-76E5-4CA1-9E06-C80C626F3A83}"
EndProject
Project("{2150E333-8FDC-42A3-9474-1A3956D46DE8}") = "Carte", "Carte", "{AB1F61BB-9527-4001-AD38-6ECC5EAB4843}"
EndProject
Global
	GlobalSection(SolutionProperties) = preSolution
		HideSolutionNode = FALSE
	EndGlobalSection
	GlobalSection(NestedProjects) = preSolution
		{AB1F61BB-9527-4001-AD38-6ECC5EAB4843} = {D3FBD9CC-76E5-4CA1-9E06-C80C626F3A83}
	EndGlobalSection
	GlobalSection(ExtensibilityGlobals) = postSolution
		SolutionGuid = {99E288FE-C41B-4D36-A72F-CBC5D50903A6}
	EndGlobalSection
EndGlobal
